{
  "nodes": {
    "gpt4all": {
      "flake": false,
      "locked": {
        "lastModified": 1698699605,
        "narHash": "sha256-RnKuPJx3VRixDrrQ1pMlVhCKeK1U8e0D5E6v3eXcut4=",
        "ref": "refs/heads/main",
        "rev": "3c561bcdf264d339f81fc7c64d9229365f708e5b",
        "revCount": 1522,
        "submodules": true,
        "type": "git",
        "url": "https://github.com/nomic-ai/gpt4all"
      },
      "original": {
        "submodules": true,
        "type": "git",
        "url": "https://github.com/nomic-ai/gpt4all"
      }
    },
    "nixpkgs": {
      "locked": {
        "lastModified": 1698611440,
        "narHash": "sha256-jPjHjrerhYDy3q9+s5EAsuhyhuknNfowY6yt6pjn9pc=",
        "owner": "NixOS",
        "repo": "nixpkgs",
        "rev": "0cbe9f69c234a7700596e943bfae7ef27a31b735",
        "type": "github"
      },
      "original": {
        "owner": "NixOS",
        "ref": "nixos-unstable",
        "repo": "nixpkgs",
        "type": "github"
      }
    },
    "root": {
      "inputs": {
        "gpt4all": "gpt4all",
        "nixpkgs": "nixpkgs"
      }
    }
  },
  "root": "root",
  "version": 7
}
