{
  "nodes": {
    "gpt4all": {
      "flake": false,
      "locked": {
        "lastModified": 1684003426,
        "narHash": "sha256-KAP76KV+m2kQdUlo3O2pdkiIUNmwO7NDjMGDCDXpjh0=",
        "ref": "refs/heads/main",
        "rev": "0f71cb6759f648ad210d2b4bdd56d5b3e94b8d37",
        "revCount": 698,
        "submodules": true,
        "type": "git",
        "url": "https://github.com/nomic-ai/gpt4all"
      },
      "original": {
        "submodules": true,
        "type": "git",
        "url": "https://github.com/nomic-ai/gpt4all"
      }
    },
    "nixpkgs": {
      "locked": {
        "lastModified": 1683408522,
        "narHash": "sha256-9kcPh6Uxo17a3kK3XCHhcWiV1Yu1kYj22RHiymUhMkU=",
        "owner": "NixOS",
        "repo": "nixpkgs",
        "rev": "897876e4c484f1e8f92009fd11b7d988a121a4e7",
        "type": "github"
      },
      "original": {
        "owner": "NixOS",
        "ref": "nixos-unstable",
        "repo": "nixpkgs",
        "type": "github"
      }
    },
    "root": {
      "inputs": {
        "gpt4all": "gpt4all",
        "nixpkgs": "nixpkgs"
      }
    }
  },
  "root": "root",
  "version": 7
}
